
Microsoft Visual Studio Solution File, Format Version 12.00
# Visual Studio Version 16
VisualStudioVersion = 16.0.30330.147
MinimumVisualStudioVersion = 10.0.40219.1
Project("{FAE04EC0-301F-11D3-BF4B-00C04F79EFBC}") = "coffee-shop", "coffee-shop\coffee-shop.csproj", "{D170465B-6135-44B1-B01C-8876F55706AD}"
EndProject
Global
	GlobalSection(SolutionConfigurationPlatforms) = preSolution
		Debug|Any CPU = Debug|Any CPU
		Release|Any CPU = Release|Any CPU
	EndGlobalSection
	GlobalSection(ProjectConfigurationPlatforms) = postSolution
		{D170465B-6135-44B1-B01C-8876F55706AD}.Debug|Any CPU.ActiveCfg = Debug|Any CPU
		{D170465B-6135-44B1-B01C-8876F55706AD}.Debug|Any CPU.Build.0 = Debug|Any CPU
		{D170465B-6135-44B1-B01C-8876F55706AD}.Release|Any CPU.ActiveCfg = Release|Any CPU
		{D170465B-6135-44B1-B01C-8876F55706AD}.Release|Any CPU.Build.0 = Release|Any CPU
	EndGlobalSection
	GlobalSection(SolutionProperties) = preSolution
		HideSolutionNode = FALSE
	EndGlobalSection
	GlobalSection(ExtensibilityGlobals) = postSolution
		SolutionGuid = {7A275F38-96DD-4ED1-8EBE-6C25CB17158F}
	EndGlobalSection
EndGlobal
